
Microsoft Visual Studio Solution File, Format Version 12.00
# Visual Studio 15
Project("{FAE04EC0-301F-11D3-BF4B-00C04F79EFBC}") = "FormsAWSDemo.Android", "FormsAWSDemo.Android\FormsAWSDemo.Android.csproj", "{7D22385A-FB18-45DC-9C8A-83F1A4DE57C8}"
EndProject
Project("{FAE04EC0-301F-11D3-BF4B-00C04F79EFBC}") = "FormsAWSDemo.iOS", "FormsAWSDemo.iOS\FormsAWSDemo.iOS.csproj", "{BC2933CF-52B2-4FDA-8175-4507294A1C7C}"
EndProject
Project("{FAE04EC0-301F-11D3-BF4B-00C04F79EFBC}") = "FormsAWSDemo", "FormsAWSDemo\FormsAWSDemo.csproj", "{32DB4733-623F-4B17-BB7A-3701575EA6CB}"
EndProject
Project("{2150E333-8FDC-42A3-9474-1A3956D46DE8}") = "Solution Items", "Solution Items", "{DA3A402F-4323-439A-A311-AC412EE00079}"
	ProjectSection(SolutionItems) = preProject
		app.config = app.config
	EndProjectSection
EndProject
Global
	GlobalSection(SolutionConfigurationPlatforms) = preSolution
		Debug|Any CPU = Debug|Any CPU
		Release|Any CPU = Release|Any CPU
		Debug|iPhoneSimulator = Debug|iPhoneSimulator
		Release|iPhoneSimulator = Release|iPhoneSimulator
		Debug|iPhone = Debug|iPhone
		Release|iPhone = Release|iPhone
		Ad-Hoc|iPhone = Ad-Hoc|iPhone
		AppStore|iPhone = AppStore|iPhone
	EndGlobalSection
	GlobalSection(ProjectConfigurationPlatforms) = postSolution
		{7D22385A-FB18-45DC-9C8A-83F1A4DE57C8}.Debug|Any CPU.ActiveCfg = Debug|Any CPU
		{7D22385A-FB18-45DC-9C8A-83F1A4DE57C8}.Debug|Any CPU.Build.0 = Debug|Any CPU
		{7D22385A-FB18-45DC-9C8A-83F1A4DE57C8}.Release|Any CPU.ActiveCfg = Release|Any CPU
		{7D22385A-FB18-45DC-9C8A-83F1A4DE57C8}.Release|Any CPU.Build.0 = Release|Any CPU
		{7D22385A-FB18-45DC-9C8A-83F1A4DE57C8}.Debug|iPhoneSimulator.ActiveCfg = Debug|Any CPU
		{7D22385A-FB18-45DC-9C8A-83F1A4DE57C8}.Debug|iPhoneSimulator.Build.0 = Debug|Any CPU
		{7D22385A-FB18-45DC-9C8A-83F1A4DE57C8}.Release|iPhoneSimulator.ActiveCfg = Release|Any CPU
		{7D22385A-FB18-45DC-9C8A-83F1A4DE57C8}.Release|iPhoneSimulator.Build.0 = Release|Any CPU
		{7D22385A-FB18-45DC-9C8A-83F1A4DE57C8}.Debug|iPhone.ActiveCfg = Debug|Any CPU
		{7D22385A-FB18-45DC-9C8A-83F1A4DE57C8}.Debug|iPhone.Build.0 = Debug|Any CPU
		{7D22385A-FB18-45DC-9C8A-83F1A4DE57C8}.Release|iPhone.ActiveCfg = Release|Any CPU
		{7D22385A-FB18-45DC-9C8A-83F1A4DE57C8}.Release|iPhone.Build.0 = Release|Any CPU
		{7D22385A-FB18-45DC-9C8A-83F1A4DE57C8}.Ad-Hoc|iPhone.ActiveCfg = Debug|Any CPU
		{7D22385A-FB18-45DC-9C8A-83F1A4DE57C8}.Ad-Hoc|iPhone.Build.0 = Debug|Any CPU
		{7D22385A-FB18-45DC-9C8A-83F1A4DE57C8}.AppStore|iPhone.ActiveCfg = Debug|Any CPU
		{7D22385A-FB18-45DC-9C8A-83F1A4DE57C8}.AppStore|iPhone.Build.0 = Debug|Any CPU
		{BC2933CF-52B2-4FDA-8175-4507294A1C7C}.Debug|Any CPU.ActiveCfg = Debug|iPhoneSimulator
		{BC2933CF-52B2-4FDA-8175-4507294A1C7C}.Debug|Any CPU.Build.0 = Debug|iPhoneSimulator
		{BC2933CF-52B2-4FDA-8175-4507294A1C7C}.Release|Any CPU.ActiveCfg = Release|iPhoneSimulator
		{BC2933CF-52B2-4FDA-8175-4507294A1C7C}.Release|Any CPU.Build.0 = Release|iPhoneSimulator
		{BC2933CF-52B2-4FDA-8175-4507294A1C7C}.Debug|iPhoneSimulator.ActiveCfg = Debug|iPhoneSimulator
		{BC2933CF-52B2-4FDA-8175-4507294A1C7C}.Debug|iPhoneSimulator.Build.0 = Debug|iPhoneSimulator
		{BC2933CF-52B2-4FDA-8175-4507294A1C7C}.Release|iPhoneSimulator.ActiveCfg = Release|iPhoneSimulator
		{BC2933CF-52B2-4FDA-8175-4507294A1C7C}.Release|iPhoneSimulator.Build.0 = Release|iPhoneSimulator
		{BC2933CF-52B2-4FDA-8175-4507294A1C7C}.Debug|iPhone.ActiveCfg = Debug|iPhone
		{BC2933CF-52B2-4FDA-8175-4507294A1C7C}.Debug|iPhone.Build.0 = Debug|iPhone
		{BC2933CF-52B2-4FDA-8175-4507294A1C7C}.Release|iPhone.ActiveCfg = Release|iPhone
		{BC2933CF-52B2-4FDA-8175-4507294A1C7C}.Release|iPhone.Build.0 = Release|iPhone
		{BC2933CF-52B2-4FDA-8175-4507294A1C7C}.Ad-Hoc|iPhone.ActiveCfg = Ad-Hoc|iPhone
		{BC2933CF-52B2-4FDA-8175-4507294A1C7C}.Ad-Hoc|iPhone.Build.0 = Ad-Hoc|iPhone
		{BC2933CF-52B2-4FDA-8175-4507294A1C7C}.AppStore|iPhone.ActiveCfg = AppStore|iPhone
		{BC2933CF-52B2-4FDA-8175-4507294A1C7C}.AppStore|iPhone.Build.0 = AppStore|iPhone
		{32DB4733-623F-4B17-BB7A-3701575EA6CB}.Debug|Any CPU.ActiveCfg = Debug|Any CPU
		{32DB4733-623F-4B17-BB7A-3701575EA6CB}.Debug|Any CPU.Build.0 = Debug|Any CPU
		{32DB4733-623F-4B17-BB7A-3701575EA6CB}.Release|Any CPU.ActiveCfg = Release|Any CPU
		{32DB4733-623F-4B17-BB7A-3701575EA6CB}.Release|Any CPU.Build.0 = Release|Any CPU
		{32DB4733-623F-4B17-BB7A-3701575EA6CB}.Debug|iPhoneSimulator.ActiveCfg = Debug|Any CPU
		{32DB4733-623F-4B17-BB7A-3701575EA6CB}.Debug|iPhoneSimulator.Build.0 = Debug|Any CPU
		{32DB4733-623F-4B17-BB7A-3701575EA6CB}.Release|iPhoneSimulator.ActiveCfg = Release|Any CPU
		{32DB4733-623F-4B17-BB7A-3701575EA6CB}.Release|iPhoneSimulator.Build.0 = Release|Any CPU
		{32DB4733-623F-4B17-BB7A-3701575EA6CB}.Debug|iPhone.ActiveCfg = Debug|Any CPU
		{32DB4733-623F-4B17-BB7A-3701575EA6CB}.Debug|iPhone.Build.0 = Debug|Any CPU
		{32DB4733-623F-4B17-BB7A-3701575EA6CB}.Release|iPhone.ActiveCfg = Release|Any CPU
		{32DB4733-623F-4B17-BB7A-3701575EA6CB}.Release|iPhone.Build.0 = Release|Any CPU
		{32DB4733-623F-4B17-BB7A-3701575EA6CB}.Ad-Hoc|iPhone.ActiveCfg = Debug|Any CPU
		{32DB4733-623F-4B17-BB7A-3701575EA6CB}.Ad-Hoc|iPhone.Build.0 = Debug|Any CPU
		{32DB4733-623F-4B17-BB7A-3701575EA6CB}.AppStore|iPhone.ActiveCfg = Debug|Any CPU
		{32DB4733-623F-4B17-BB7A-3701575EA6CB}.AppStore|iPhone.Build.0 = Debug|Any CPU
	EndGlobalSection
EndGlobal
